
Microsoft Visual Studio Solution File, Format Version 12.00
# Visual Studio Express 2012 for Windows Desktop
Project("{2150E333-8FDC-42A3-9474-1A3956D46DE8}") = "Engine", "Engine", "{5E7DEDAE-A79F-4444-89C0-092238D8D876}"
EndProject
Project("{2150E333-8FDC-42A3-9474-1A3956D46DE8}") = "Game", "Game", "{7DD44975-8C4B-430E-95F1-9AEA8C206FF1}"
EndProject
Project("{2150E333-8FDC-42A3-9474-1A3956D46DE8}") = "Tools", "Tools", "{F33F2C2B-B145-465C-9857-E40A78886731}"
EndProject
Project("{FAE04EC0-301F-11D3-BF4B-00C04F79EFBC}") = "Universe", "Universe\Universe.csproj", "{FE1009E2-7000-4565-BC7A-B1F3E0A5C7D5}"
EndProject
Project("{FAE04EC0-301F-11D3-BF4B-00C04F79EFBC}") = "Assembly-CSharp-vs", "Unity\Assembly-CSharp-vs.csproj", "{E8769C41-2DE8-67BE-1854-95B688321A5D}"
	ProjectSection(ProjectDependencies) = postProject
		{48DB214A-092C-46FC-8DE9-B8292A238786} = {48DB214A-092C-46FC-8DE9-B8292A238786}
		{F312B3DA-3221-432E-87E5-6288C5895AA3} = {F312B3DA-3221-432E-87E5-6288C5895AA3}
		{FE1009E2-7000-4565-BC7A-B1F3E0A5C7D5} = {FE1009E2-7000-4565-BC7A-B1F3E0A5C7D5}
	EndProjectSection
EndProject
Project("{FAE04EC0-301F-11D3-BF4B-00C04F79EFBC}") = "GalaxyViewer", "GalaxyViewer\GalaxyViewer.csproj", "{2C51DD6F-CCC1-41EA-ADA4-EAD2AA32B2FA}"
EndProject
Project("{FAE04EC0-301F-11D3-BF4B-00C04F79EFBC}") = "Tests", "Tests\Tests.csproj", "{572C5B7E-B220-4124-9B9F-E8516C2903B2}"
EndProject
Project("{FAE04EC0-301F-11D3-BF4B-00C04F79EFBC}") = "Engine.Client", "ForTheWin\Engine\Engine.Client\Engine.Client.csproj", "{F312B3DA-3221-432E-87E5-6288C5895AA3}"
EndProject
Project("{FAE04EC0-301F-11D3-BF4B-00C04F79EFBC}") = "Engine.Server", "ForTheWin\Engine\Engine.Server\Engine.Server.csproj", "{0E4CE637-1900-48EF-BD45-84DEC672F404}"
EndProject
Project("{FAE04EC0-301F-11D3-BF4B-00C04F79EFBC}") = "Engine.Shared", "ForTheWin\Engine\Engine.Shared\Engine.Shared.csproj", "{48DB214A-092C-46FC-8DE9-B8292A238786}"
EndProject
Project("{FAE04EC0-301F-11D3-BF4B-00C04F79EFBC}") = "DedicatedCLI", "ForTheWin\Tools\DedicatedCLI\DedicatedCLI.csproj", "{66BD5B56-2C9D-4713-8180-C3D9C0703464}"
	ProjectSection(ProjectDependencies) = postProject
		{F581DCBF-2511-42E2-B9B1-9D8DD5264D1D} = {F581DCBF-2511-42E2-B9B1-9D8DD5264D1D}
		{FE1009E2-7000-4565-BC7A-B1F3E0A5C7D5} = {FE1009E2-7000-4565-BC7A-B1F3E0A5C7D5}
	EndProjectSection
EndProject
Project("{FAE04EC0-301F-11D3-BF4B-00C04F79EFBC}") = "DedicatedGUI", "ForTheWin\Tools\DedicatedGUI\DedicatedGUI.csproj", "{6B793212-9A32-429F-935B-03F53675B36F}"
	ProjectSection(ProjectDependencies) = postProject
		{F581DCBF-2511-42E2-B9B1-9D8DD5264D1D} = {F581DCBF-2511-42E2-B9B1-9D8DD5264D1D}
		{FE1009E2-7000-4565-BC7A-B1F3E0A5C7D5} = {FE1009E2-7000-4565-BC7A-B1F3E0A5C7D5}
	EndProjectSection
EndProject
Project("{FAE04EC0-301F-11D3-BF4B-00C04F79EFBC}") = "Game.Client", "Game.Client\Game.Client.csproj", "{BC3E223F-D190-4521-B8CE-D3B37A2F36D7}"
EndProject
Project("{FAE04EC0-301F-11D3-BF4B-00C04F79EFBC}") = "Game.Server", "Game.Server\Game.Server.csproj", "{F581DCBF-2511-42E2-B9B1-9D8DD5264D1D}"
EndProject
Global
	GlobalSection(SolutionConfigurationPlatforms) = preSolution
		Debug|Any CPU = Debug|Any CPU
		Debug|Mixed Platforms = Debug|Mixed Platforms
		Debug|x86 = Debug|x86
		Release|Any CPU = Release|Any CPU
		Release|Mixed Platforms = Release|Mixed Platforms
		Release|x86 = Release|x86
	EndGlobalSection
	GlobalSection(ProjectConfigurationPlatforms) = postSolution
		{FE1009E2-7000-4565-BC7A-B1F3E0A5C7D5}.Debug|Any CPU.ActiveCfg = Debug|Any CPU
		{FE1009E2-7000-4565-BC7A-B1F3E0A5C7D5}.Debug|Any CPU.Build.0 = Debug|Any CPU
		{FE1009E2-7000-4565-BC7A-B1F3E0A5C7D5}.Debug|Mixed Platforms.ActiveCfg = Debug|Any CPU
		{FE1009E2-7000-4565-BC7A-B1F3E0A5C7D5}.Debug|Mixed Platforms.Build.0 = Debug|Any CPU
		{FE1009E2-7000-4565-BC7A-B1F3E0A5C7D5}.Debug|x86.ActiveCfg = Debug|x86
		{FE1009E2-7000-4565-BC7A-B1F3E0A5C7D5}.Debug|x86.Build.0 = Debug|x86
		{FE1009E2-7000-4565-BC7A-B1F3E0A5C7D5}.Release|Any CPU.ActiveCfg = Release|Any CPU
		{FE1009E2-7000-4565-BC7A-B1F3E0A5C7D5}.Release|Any CPU.Build.0 = Release|Any CPU
		{FE1009E2-7000-4565-BC7A-B1F3E0A5C7D5}.Release|Mixed Platforms.ActiveCfg = Release|Any CPU
		{FE1009E2-7000-4565-BC7A-B1F3E0A5C7D5}.Release|Mixed Platforms.Build.0 = Release|Any CPU
		{FE1009E2-7000-4565-BC7A-B1F3E0A5C7D5}.Release|x86.ActiveCfg = Release|x86
		{FE1009E2-7000-4565-BC7A-B1F3E0A5C7D5}.Release|x86.Build.0 = Release|x86
		{E8769C41-2DE8-67BE-1854-95B688321A5D}.Debug|Any CPU.ActiveCfg = Debug|Any CPU
		{E8769C41-2DE8-67BE-1854-95B688321A5D}.Debug|Any CPU.Build.0 = Debug|Any CPU
		{E8769C41-2DE8-67BE-1854-95B688321A5D}.Debug|Mixed Platforms.ActiveCfg = Debug|Any CPU
		{E8769C41-2DE8-67BE-1854-95B688321A5D}.Debug|Mixed Platforms.Build.0 = Debug|Any CPU
		{E8769C41-2DE8-67BE-1854-95B688321A5D}.Debug|x86.ActiveCfg = Debug|x86
		{E8769C41-2DE8-67BE-1854-95B688321A5D}.Debug|x86.Build.0 = Debug|x86
		{E8769C41-2DE8-67BE-1854-95B688321A5D}.Release|Any CPU.ActiveCfg = Release|Any CPU
		{E8769C41-2DE8-67BE-1854-95B688321A5D}.Release|Any CPU.Build.0 = Release|Any CPU
		{E8769C41-2DE8-67BE-1854-95B688321A5D}.Release|Mixed Platforms.ActiveCfg = Release|Any CPU
		{E8769C41-2DE8-67BE-1854-95B688321A5D}.Release|Mixed Platforms.Build.0 = Release|Any CPU
		{E8769C41-2DE8-67BE-1854-95B688321A5D}.Release|x86.ActiveCfg = Release|x86
		{E8769C41-2DE8-67BE-1854-95B688321A5D}.Release|x86.Build.0 = Release|x86
		{2C51DD6F-CCC1-41EA-ADA4-EAD2AA32B2FA}.Debug|Any CPU.ActiveCfg = Debug|x86
		{2C51DD6F-CCC1-41EA-ADA4-EAD2AA32B2FA}.Debug|Mixed Platforms.ActiveCfg = Debug|x86
		{2C51DD6F-CCC1-41EA-ADA4-EAD2AA32B2FA}.Debug|Mixed Platforms.Build.0 = Debug|x86
		{2C51DD6F-CCC1-41EA-ADA4-EAD2AA32B2FA}.Debug|x86.ActiveCfg = Debug|x86
		{2C51DD6F-CCC1-41EA-ADA4-EAD2AA32B2FA}.Debug|x86.Build.0 = Debug|x86
		{2C51DD6F-CCC1-41EA-ADA4-EAD2AA32B2FA}.Release|Any CPU.ActiveCfg = Release|x86
		{2C51DD6F-CCC1-41EA-ADA4-EAD2AA32B2FA}.Release|Mixed Platforms.ActiveCfg = Release|x86
		{2C51DD6F-CCC1-41EA-ADA4-EAD2AA32B2FA}.Release|Mixed Platforms.Build.0 = Release|x86
		{2C51DD6F-CCC1-41EA-ADA4-EAD2AA32B2FA}.Release|x86.ActiveCfg = Release|x86
		{2C51DD6F-CCC1-41EA-ADA4-EAD2AA32B2FA}.Release|x86.Build.0 = Release|x86
		{572C5B7E-B220-4124-9B9F-E8516C2903B2}.Debug|Any CPU.ActiveCfg = Debug|Any CPU
		{572C5B7E-B220-4124-9B9F-E8516C2903B2}.Debug|Any CPU.Build.0 = Debug|Any CPU
		{572C5B7E-B220-4124-9B9F-E8516C2903B2}.Debug|Mixed Platforms.ActiveCfg = Debug|Any CPU
		{572C5B7E-B220-4124-9B9F-E8516C2903B2}.Debug|Mixed Platforms.Build.0 = Debug|Any CPU
		{572C5B7E-B220-4124-9B9F-E8516C2903B2}.Debug|x86.ActiveCfg = Debug|x86
		{572C5B7E-B220-4124-9B9F-E8516C2903B2}.Debug|x86.Build.0 = Debug|x86
		{572C5B7E-B220-4124-9B9F-E8516C2903B2}.Release|Any CPU.ActiveCfg = Release|Any CPU
		{572C5B7E-B220-4124-9B9F-E8516C2903B2}.Release|Any CPU.Build.0 = Release|Any CPU
		{572C5B7E-B220-4124-9B9F-E8516C2903B2}.Release|Mixed Platforms.ActiveCfg = Release|Any CPU
		{572C5B7E-B220-4124-9B9F-E8516C2903B2}.Release|Mixed Platforms.Build.0 = Release|Any CPU
		{572C5B7E-B220-4124-9B9F-E8516C2903B2}.Release|x86.ActiveCfg = Release|x86
		{572C5B7E-B220-4124-9B9F-E8516C2903B2}.Release|x86.Build.0 = Release|x86
		{F312B3DA-3221-432E-87E5-6288C5895AA3}.Debug|Any CPU.ActiveCfg = Debug|Any CPU
		{F312B3DA-3221-432E-87E5-6288C5895AA3}.Debug|Any CPU.Build.0 = Debug|Any CPU
		{F312B3DA-3221-432E-87E5-6288C5895AA3}.Debug|Mixed Platforms.ActiveCfg = Debug|x86
		{F312B3DA-3221-432E-87E5-6288C5895AA3}.Debug|Mixed Platforms.Build.0 = Debug|x86
		{F312B3DA-3221-432E-87E5-6288C5895AA3}.Debug|x86.ActiveCfg = Debug|x86
		{F312B3DA-3221-432E-87E5-6288C5895AA3}.Debug|x86.Build.0 = Debug|x86
		{F312B3DA-3221-432E-87E5-6288C5895AA3}.Release|Any CPU.ActiveCfg = Release|Any CPU
		{F312B3DA-3221-432E-87E5-6288C5895AA3}.Release|Any CPU.Build.0 = Release|Any CPU
		{F312B3DA-3221-432E-87E5-6288C5895AA3}.Release|Mixed Platforms.ActiveCfg = Release|x86
		{F312B3DA-3221-432E-87E5-6288C5895AA3}.Release|Mixed Platforms.Build.0 = Release|x86
		{F312B3DA-3221-432E-87E5-6288C5895AA3}.Release|x86.ActiveCfg = Release|x86
		{F312B3DA-3221-432E-87E5-6288C5895AA3}.Release|x86.Build.0 = Release|x86
		{0E4CE637-1900-48EF-BD45-84DEC672F404}.Debug|Any CPU.ActiveCfg = Debug|x86
		{0E4CE637-1900-48EF-BD45-84DEC672F404}.Debug|Mixed Platforms.ActiveCfg = Debug|x86
		{0E4CE637-1900-48EF-BD45-84DEC672F404}.Debug|Mixed Platforms.Build.0 = Debug|x86
		{0E4CE637-1900-48EF-BD45-84DEC672F404}.Debug|x86.ActiveCfg = Debug|x86
		{0E4CE637-1900-48EF-BD45-84DEC672F404}.Debug|x86.Build.0 = Debug|x86
		{0E4CE637-1900-48EF-BD45-84DEC672F404}.Release|Any CPU.ActiveCfg = Release|x86
		{0E4CE637-1900-48EF-BD45-84DEC672F404}.Release|Mixed Platforms.ActiveCfg = Release|x86
		{0E4CE637-1900-48EF-BD45-84DEC672F404}.Release|Mixed Platforms.Build.0 = Release|x86
		{0E4CE637-1900-48EF-BD45-84DEC672F404}.Release|x86.ActiveCfg = Release|x86
		{0E4CE637-1900-48EF-BD45-84DEC672F404}.Release|x86.Build.0 = Release|x86
		{48DB214A-092C-46FC-8DE9-B8292A238786}.Debug|Any CPU.ActiveCfg = Debug|x86
		{48DB214A-092C-46FC-8DE9-B8292A238786}.Debug|Mixed Platforms.ActiveCfg = Debug|x86
		{48DB214A-092C-46FC-8DE9-B8292A238786}.Debug|Mixed Platforms.Build.0 = Debug|x86
		{48DB214A-092C-46FC-8DE9-B8292A238786}.Debug|x86.ActiveCfg = Debug|x86
		{48DB214A-092C-46FC-8DE9-B8292A238786}.Debug|x86.Build.0 = Debug|x86
		{48DB214A-092C-46FC-8DE9-B8292A238786}.Release|Any CPU.ActiveCfg = Release|x86
		{48DB214A-092C-46FC-8DE9-B8292A238786}.Release|Mixed Platforms.ActiveCfg = Release|x86
		{48DB214A-092C-46FC-8DE9-B8292A238786}.Release|Mixed Platforms.Build.0 = Release|x86
		{48DB214A-092C-46FC-8DE9-B8292A238786}.Release|x86.ActiveCfg = Release|x86
		{48DB214A-092C-46FC-8DE9-B8292A238786}.Release|x86.Build.0 = Release|x86
		{66BD5B56-2C9D-4713-8180-C3D9C0703464}.Debug|Any CPU.ActiveCfg = Debug|x86
		{66BD5B56-2C9D-4713-8180-C3D9C0703464}.Debug|Mixed Platforms.ActiveCfg = Debug|x86
		{66BD5B56-2C9D-4713-8180-C3D9C0703464}.Debug|Mixed Platforms.Build.0 = Debug|x86
		{66BD5B56-2C9D-4713-8180-C3D9C0703464}.Debug|x86.ActiveCfg = Debug|x86
		{66BD5B56-2C9D-4713-8180-C3D9C0703464}.Debug|x86.Build.0 = Debug|x86
		{66BD5B56-2C9D-4713-8180-C3D9C0703464}.Release|Any CPU.ActiveCfg = Release|x86
		{66BD5B56-2C9D-4713-8180-C3D9C0703464}.Release|Mixed Platforms.ActiveCfg = Release|x86
		{66BD5B56-2C9D-4713-8180-C3D9C0703464}.Release|Mixed Platforms.Build.0 = Release|x86
		{66BD5B56-2C9D-4713-8180-C3D9C0703464}.Release|x86.ActiveCfg = Release|x86
		{66BD5B56-2C9D-4713-8180-C3D9C0703464}.Release|x86.Build.0 = Release|x86
		{6B793212-9A32-429F-935B-03F53675B36F}.Debug|Any CPU.ActiveCfg = Debug|x86
		{6B793212-9A32-429F-935B-03F53675B36F}.Debug|Mixed Platforms.ActiveCfg = Debug|x86
		{6B793212-9A32-429F-935B-03F53675B36F}.Debug|Mixed Platforms.Build.0 = Debug|x86
		{6B793212-9A32-429F-935B-03F53675B36F}.Debug|x86.ActiveCfg = Debug|x86
		{6B793212-9A32-429F-935B-03F53675B36F}.Debug|x86.Build.0 = Debug|x86
		{6B793212-9A32-429F-935B-03F53675B36F}.Release|Any CPU.ActiveCfg = Release|x86
		{6B793212-9A32-429F-935B-03F53675B36F}.Release|Mixed Platforms.ActiveCfg = Release|x86
		{6B793212-9A32-429F-935B-03F53675B36F}.Release|Mixed Platforms.Build.0 = Release|x86
		{6B793212-9A32-429F-935B-03F53675B36F}.Release|x86.ActiveCfg = Release|x86
		{6B793212-9A32-429F-935B-03F53675B36F}.Release|x86.Build.0 = Release|x86
		{BC3E223F-D190-4521-B8CE-D3B37A2F36D7}.Debug|Any CPU.ActiveCfg = Debug|x86
		{BC3E223F-D190-4521-B8CE-D3B37A2F36D7}.Debug|Mixed Platforms.ActiveCfg = Debug|x86
		{BC3E223F-D190-4521-B8CE-D3B37A2F36D7}.Debug|Mixed Platforms.Build.0 = Debug|x86
		{BC3E223F-D190-4521-B8CE-D3B37A2F36D7}.Debug|x86.ActiveCfg = Debug|x86
		{BC3E223F-D190-4521-B8CE-D3B37A2F36D7}.Debug|x86.Build.0 = Debug|x86
		{BC3E223F-D190-4521-B8CE-D3B37A2F36D7}.Release|Any CPU.ActiveCfg = Release|x86
		{BC3E223F-D190-4521-B8CE-D3B37A2F36D7}.Release|Mixed Platforms.ActiveCfg = Release|x86
		{BC3E223F-D190-4521-B8CE-D3B37A2F36D7}.Release|Mixed Platforms.Build.0 = Release|x86
		{BC3E223F-D190-4521-B8CE-D3B37A2F36D7}.Release|x86.ActiveCfg = Release|x86
		{BC3E223F-D190-4521-B8CE-D3B37A2F36D7}.Release|x86.Build.0 = Release|x86
		{F581DCBF-2511-42E2-B9B1-9D8DD5264D1D}.Debug|Any CPU.ActiveCfg = Debug|x86
		{F581DCBF-2511-42E2-B9B1-9D8DD5264D1D}.Debug|Mixed Platforms.ActiveCfg = Debug|x86
		{F581DCBF-2511-42E2-B9B1-9D8DD5264D1D}.Debug|Mixed Platforms.Build.0 = Debug|x86
		{F581DCBF-2511-42E2-B9B1-9D8DD5264D1D}.Debug|x86.ActiveCfg = Debug|x86
		{F581DCBF-2511-42E2-B9B1-9D8DD5264D1D}.Debug|x86.Build.0 = Debug|x86
		{F581DCBF-2511-42E2-B9B1-9D8DD5264D1D}.Release|Any CPU.ActiveCfg = Release|x86
		{F581DCBF-2511-42E2-B9B1-9D8DD5264D1D}.Release|Mixed Platforms.ActiveCfg = Release|x86
		{F581DCBF-2511-42E2-B9B1-9D8DD5264D1D}.Release|Mixed Platforms.Build.0 = Release|x86
		{F581DCBF-2511-42E2-B9B1-9D8DD5264D1D}.Release|x86.ActiveCfg = Release|x86
		{F581DCBF-2511-42E2-B9B1-9D8DD5264D1D}.Release|x86.Build.0 = Release|x86
	EndGlobalSection
	GlobalSection(SolutionProperties) = preSolution
		HideSolutionNode = FALSE
	EndGlobalSection
	GlobalSection(NestedProjects) = preSolution
		{F312B3DA-3221-432E-87E5-6288C5895AA3} = {5E7DEDAE-A79F-4444-89C0-092238D8D876}
		{0E4CE637-1900-48EF-BD45-84DEC672F404} = {5E7DEDAE-A79F-4444-89C0-092238D8D876}
		{48DB214A-092C-46FC-8DE9-B8292A238786} = {5E7DEDAE-A79F-4444-89C0-092238D8D876}
		{FE1009E2-7000-4565-BC7A-B1F3E0A5C7D5} = {7DD44975-8C4B-430E-95F1-9AEA8C206FF1}
		{E8769C41-2DE8-67BE-1854-95B688321A5D} = {7DD44975-8C4B-430E-95F1-9AEA8C206FF1}
		{BC3E223F-D190-4521-B8CE-D3B37A2F36D7} = {7DD44975-8C4B-430E-95F1-9AEA8C206FF1}
		{F581DCBF-2511-42E2-B9B1-9D8DD5264D1D} = {7DD44975-8C4B-430E-95F1-9AEA8C206FF1}
		{2C51DD6F-CCC1-41EA-ADA4-EAD2AA32B2FA} = {F33F2C2B-B145-465C-9857-E40A78886731}
		{572C5B7E-B220-4124-9B9F-E8516C2903B2} = {F33F2C2B-B145-465C-9857-E40A78886731}
		{66BD5B56-2C9D-4713-8180-C3D9C0703464} = {F33F2C2B-B145-465C-9857-E40A78886731}
		{6B793212-9A32-429F-935B-03F53675B36F} = {F33F2C2B-B145-465C-9857-E40A78886731}
	EndGlobalSection
EndGlobal
